
Microsoft Visual Studio Solution File, Format Version 12.00
# Visual Studio Version 17
VisualStudioVersion = 17.4.33403.182
MinimumVisualStudioVersion = 10.0.40219.1
Project("{FAE04EC0-301F-11D3-BF4B-00C04F79EFBC}") = "CHEEM_lab_4_cheban_bohdan", "CHEEM_lab_4_cheban_bohdan.csproj", "{D1AB3F8D-D7FD-4A03-9653-E1A0DEA784A0}"
EndProject
Global
	GlobalSection(SolutionConfigurationPlatforms) = preSolution
		Debug|Any CPU = Debug|Any CPU
		Release|Any CPU = Release|Any CPU
	EndGlobalSection
	GlobalSection(ProjectConfigurationPlatforms) = postSolution
		{D1AB3F8D-D7FD-4A03-9653-E1A0DEA784A0}.Debug|Any CPU.ActiveCfg = Debug|Any CPU
		{D1AB3F8D-D7FD-4A03-9653-E1A0DEA784A0}.Debug|Any CPU.Build.0 = Debug|Any CPU
		{D1AB3F8D-D7FD-4A03-9653-E1A0DEA784A0}.Release|Any CPU.ActiveCfg = Release|Any CPU
		{D1AB3F8D-D7FD-4A03-9653-E1A0DEA784A0}.Release|Any CPU.Build.0 = Release|Any CPU
	EndGlobalSection
	GlobalSection(SolutionProperties) = preSolution
		HideSolutionNode = FALSE
	EndGlobalSection
	GlobalSection(ExtensibilityGlobals) = postSolution
		SolutionGuid = {1045589D-7675-4478-906A-A3A6D809E33C}
	EndGlobalSection
EndGlobal
